# This file is automatically @generated by Cargo.
# It is not intended for manual editing.
version = 4

[[package]]
name = "pairly-core"
version = "0.1.0"
dependencies = [
 "pairly-crypto",
 "pairly-proto",
]

[[package]]
name = "pairly-crypto"
version = "0.1.0"

[[package]]
name = "pairly-ffi"
version = "0.1.0"
dependencies = [
 "pairly-core",
 "pairly-plugins",
 "pairly-transport-lan",
 "pairly-transport-relay",
]

[[package]]
name = "pairly-plugins"
version = "0.1.0"
dependencies = [
 "pairly-core",
 "pairly-proto",
]

[[package]]
name = "pairly-proto"
version = "0.1.0"

[[package]]
name = "pairly-relay"
version = "0.1.0"

[[package]]
name = "pairly-transport-lan"
version = "0.1.0"
dependencies = [
 "pairly-core",
]

[[package]]
name = "pairly-transport-relay"
version = "0.1.0"
dependencies = [
 "pairly-core",
]
